
Microsoft Visual Studio Solution File, Format Version 12.00
# Visual Studio 15
VisualStudioVersion = 15.0.28307.106
MinimumVisualStudioVersion = 10.0.40219.1
Project("{FAE04EC0-301F-11D3-BF4B-00C04F79EFBC}") = "OkReads", "OkReads\OkReads.csproj", "{4C0EF09A-68E3-46A6-BAE9-19059A0C20FD}"
EndProject
Project("{FAE04EC0-301F-11D3-BF4B-00C04F79EFBC}") = "OkReads.Tests", "OkReads.Tests\OkReads.Tests.csproj", "{889292A8-F06B-4901-BE29-DD02583CEB5C}"
EndProject
Global
	GlobalSection(SolutionConfigurationPlatforms) = preSolution
		Debug|Any CPU = Debug|Any CPU
		Release|Any CPU = Release|Any CPU
	EndGlobalSection
	GlobalSection(ProjectConfigurationPlatforms) = postSolution
		{4C0EF09A-68E3-46A6-BAE9-19059A0C20FD}.Debug|Any CPU.ActiveCfg = Debug|Any CPU
		{4C0EF09A-68E3-46A6-BAE9-19059A0C20FD}.Debug|Any CPU.Build.0 = Debug|Any CPU
		{4C0EF09A-68E3-46A6-BAE9-19059A0C20FD}.Release|Any CPU.ActiveCfg = Release|Any CPU
		{4C0EF09A-68E3-46A6-BAE9-19059A0C20FD}.Release|Any CPU.Build.0 = Release|Any CPU
		{889292A8-F06B-4901-BE29-DD02583CEB5C}.Debug|Any CPU.ActiveCfg = Debug|Any CPU
		{889292A8-F06B-4901-BE29-DD02583CEB5C}.Debug|Any CPU.Build.0 = Debug|Any CPU
		{889292A8-F06B-4901-BE29-DD02583CEB5C}.Release|Any CPU.ActiveCfg = Release|Any CPU
		{889292A8-F06B-4901-BE29-DD02583CEB5C}.Release|Any CPU.Build.0 = Release|Any CPU
	EndGlobalSection
	GlobalSection(SolutionProperties) = preSolution
		HideSolutionNode = FALSE
	EndGlobalSection
	GlobalSection(ExtensibilityGlobals) = postSolution
		SolutionGuid = {45C09A23-CAD3-4593-B90D-D52D1C9590C0}
	EndGlobalSection
EndGlobal
